
Microsoft Visual Studio Solution File, Format Version 12.00
# Visual Studio 15
VisualStudioVersion = 15.0.28307.705
MinimumVisualStudioVersion = 10.0.40219.1
Project("{FAE04EC0-301F-11D3-BF4B-00C04F79EFBC}") = "CSharpTest", "CSharpTest\CSharpTest.csproj", "{47C48C1B-2D21-44A2-B7BE-3C49E83B90F2}"
EndProject
Project("{FAE04EC0-301F-11D3-BF4B-00C04F79EFBC}") = "Algorithms", "Algorithms\Algorithms.csproj", "{05D42350-805A-42BD-8C41-E9886A176EC5}"
EndProject
Global
	GlobalSection(SolutionConfigurationPlatforms) = preSolution
		Debug|Any CPU = Debug|Any CPU
		Release|Any CPU = Release|Any CPU
	EndGlobalSection
	GlobalSection(ProjectConfigurationPlatforms) = postSolution
		{47C48C1B-2D21-44A2-B7BE-3C49E83B90F2}.Debug|Any CPU.ActiveCfg = Debug|Any CPU
		{47C48C1B-2D21-44A2-B7BE-3C49E83B90F2}.Debug|Any CPU.Build.0 = Debug|Any CPU
		{47C48C1B-2D21-44A2-B7BE-3C49E83B90F2}.Release|Any CPU.ActiveCfg = Release|Any CPU
		{47C48C1B-2D21-44A2-B7BE-3C49E83B90F2}.Release|Any CPU.Build.0 = Release|Any CPU
		{05D42350-805A-42BD-8C41-E9886A176EC5}.Debug|Any CPU.ActiveCfg = Debug|Any CPU
		{05D42350-805A-42BD-8C41-E9886A176EC5}.Debug|Any CPU.Build.0 = Debug|Any CPU
		{05D42350-805A-42BD-8C41-E9886A176EC5}.Release|Any CPU.ActiveCfg = Release|Any CPU
		{05D42350-805A-42BD-8C41-E9886A176EC5}.Release|Any CPU.Build.0 = Release|Any CPU
	EndGlobalSection
	GlobalSection(SolutionProperties) = preSolution
		HideSolutionNode = FALSE
	EndGlobalSection
	GlobalSection(ExtensibilityGlobals) = postSolution
		SolutionGuid = {240DD3F2-7850-4A0C-9858-7F8246480130}
	EndGlobalSection
EndGlobal
